
Microsoft Visual Studio Solution File, Format Version 12.00
# Visual Studio Version 16
VisualStudioVersion = 16.0.31005.135
MinimumVisualStudioVersion = 10.0.40219.1
Project("{FAE04EC0-301F-11D3-BF4B-00C04F79EFBC}") = "Salary_Distribution", "Salary_Distribution.csproj", "{F3F6BB79-B201-4E40-B8EE-1948F52388D3}"
EndProject
Project("{2150E333-8FDC-42A3-9474-1A3956D46DE8}") = "Solution Items", "Solution Items", "{62322ABF-DEA5-42B2-B0C2-DCA55E58AE6F}"
	ProjectSection(SolutionItems) = preProject
		.editorconfig = .editorconfig
	EndProjectSection
EndProject
Global
	GlobalSection(SolutionConfigurationPlatforms) = preSolution
		Debug|Any CPU = Debug|Any CPU
		Release|Any CPU = Release|Any CPU
	EndGlobalSection
	GlobalSection(ProjectConfigurationPlatforms) = postSolution
		{F3F6BB79-B201-4E40-B8EE-1948F52388D3}.Debug|Any CPU.ActiveCfg = Debug|Any CPU
		{F3F6BB79-B201-4E40-B8EE-1948F52388D3}.Debug|Any CPU.Build.0 = Debug|Any CPU
		{F3F6BB79-B201-4E40-B8EE-1948F52388D3}.Release|Any CPU.ActiveCfg = Release|Any CPU
		{F3F6BB79-B201-4E40-B8EE-1948F52388D3}.Release|Any CPU.Build.0 = Release|Any CPU
	EndGlobalSection
	GlobalSection(SolutionProperties) = preSolution
		HideSolutionNode = FALSE
	EndGlobalSection
	GlobalSection(ExtensibilityGlobals) = postSolution
		SolutionGuid = {C845E02C-EF5F-490C-9C7A-0039AE427CCA}
	EndGlobalSection
EndGlobal
